// !$*UTF8*$!
{
	archiveVersion = 1;
	classes = {
	};
	objectVersion = 77;
	objects = {

/* Begin PBXContainerItemProxy section */
		E4EA93712CD1827E00077F70 /* PBXContainerItemProxy */ = {
			isa = PBXContainerItemProxy;
			containerPortal = E4EA93582CD1827C00077F70 /* Project object */;
			proxyType = 1;
			remoteGlobalIDString = E4EA935F2CD1827C00077F70;
			remoteInfo = "Cash Calculator";
		};
		E4EA937B2CD1827E00077F70 /* PBXContainerItemProxy */ = {
			isa = PBXContainerItemProxy;
			containerPortal = E4EA93582CD1827C00077F70 /* Project object */;
			proxyType = 1;
			remoteGlobalIDString = E4EA935F2CD1827C00077F70;
			remoteInfo = "Cash Calculator";
		};
/* End PBXContainerItemProxy section */

/* Begin PBXFileReference section */
		E4EA93602CD1827C00077F70 /* Cash Calculator.app */ = {isa = PBXFileReference; explicitFileType = wrapper.application; includeInIndex = 0; path = "Cash Calculator.app"; sourceTree = BUILT_PRODUCTS_DIR; };
		E4EA93702CD1827E00077F70 /* Cash CalculatorTests.xctest */ = {isa = PBXFileReference; explicitFileType = wrapper.cfbundle; includeInIndex = 0; path = "Cash CalculatorTests.xctest"; sourceTree = BUILT_PRODUCTS_DIR; };
		E4EA937A2CD1827E00077F70 /* Cash CalculatorUITests.xctest */ = {isa = PBXFileReference; explicitFileType = wrapper.cfbundle; includeInIndex = 0; path = "Cash CalculatorUITests.xctest"; sourceTree = BUILT_PRODUCTS_DIR; };
/* End PBXFileReference section */

/* Begin PBXFileSystemSynchronizedRootGroup section */
		E4EA93622CD1827C00077F70 /* Cash Calculator */ = {
			isa = PBXFileSystemSynchronizedRootGroup;
			path = "Cash Calculator";
			sourceTree = "<group>";
		};
		E4EA93732CD1827E00077F70 /* Cash CalculatorTests */ = {
			isa = PBXFileSystemSynchronizedRootGroup;
			path = "Cash CalculatorTests";
			sourceTree = "<group>";
		};
		E4EA937D2CD1827E00077F70 /* Cash CalculatorUITests */ = {
			isa = PBXFileSystemSynchronizedRootGroup;
			path = "Cash CalculatorUITests";
			sourceTree = "<group>";
		};
/* End PBXFileSystemSynchronizedRootGroup section */

/* Begin PBXFrameworksBuildPhase section */
		E4EA935D2CD1827C00077F70 /* Frameworks */ = {
			isa = PBXFrameworksBuildPhase;
			buildActionMask = 2147483647;
			files = (
			);
			runOnlyForDeploymentPostprocessing = 0;
		};
		E4EA936D2CD1827E00077F70 /* Frameworks */ = {
			isa = PBXFrameworksBuildPhase;
			buildActionMask = 2147483647;
			files = (
			);
			runOnlyForDeploymentPostprocessing = 0;
		};
		E4EA93772CD1827E00077F70 /* Frameworks */ = {
			isa = PBXFrameworksBuildPhase;
			buildActionMask = 2147483647;
			files = (
			);
			runOnlyForDeploymentPostprocessing = 0;
		};
/* End PBXFrameworksBuildPhase section */

/* Begin PBXGroup section */
		E4EA93572CD1827C00077F70 = {
			isa = PBXGroup;
			children = (
				E4EA93622CD1827C00077F70 /* Cash Calculator */,
				E4EA93732CD1827E00077F70 /* Cash CalculatorTests */,
				E4EA937D2CD1827E00077F70 /* Cash CalculatorUITests */,
				E4EA93612CD1827C00077F70 /* Products */,
			);
			sourceTree = "<group>";
		};
		E4EA93612CD1827C00077F70 /* Products */ = {
			isa = PBXGroup;
			children = (
				E4EA93602CD1827C00077F70 /* Cash Calculator.app */,
				E4EA93702CD1827E00077F70 /* Cash CalculatorTests.xctest */,
				E4EA937A2CD1827E00077F70 /* Cash CalculatorUITests.xctest */,
			);
			name = Products;
			sourceTree = "<group>";
		};
/* End PBXGroup section */

/* Begin PBXNativeTarget section */
		E4EA935F2CD1827C00077F70 /* Cash Calculator */ = {
			isa = PBXNativeTarget;
			buildConfigurationList = E4EA93842CD1827E00077F70 /* Build configuration list for PBXNativeTarget "Cash Calculator" */;
			buildPhases = (
				E4EA935C2CD1827C00077F70 /* Sources */,
				E4EA935D2CD1827C00077F70 /* Frameworks */,
				E4EA935E2CD1827C00077F70 /* Resources */,
			);
			buildRules = (
			);
			dependencies = (
			);
			fileSystemSynchronizedGroups = (
				E4EA93622CD1827C00077F70 /* Cash Calculator */,
			);
			name = "Cash Calculator";
			packageProductDependencies = (
			);
			productName = "Cash Calculator";
			productReference = E4EA93602CD1827C00077F70 /* Cash Calculator.app */;
			productType = "com.apple.product-type.application";
		};
		E4EA936F2CD1827E00077F70 /* Cash CalculatorTests */ = {
			isa = PBXNativeTarget;
			buildConfigurationList = E4EA93872CD1827E00077F70 /* Build configuration list for PBXNativeTarget "Cash CalculatorTests" */;
			buildPhases = (
				E4EA936C2CD1827E00077F70 /* Sources */,
				E4EA936D2CD1827E00077F70 /* Frameworks */,
				E4EA936E2CD1827E00077F70 /* Resources */,
			);
			buildRules = (
			);
			dependencies = (
				E4EA93722CD1827E00077F70 /* PBXTargetDependency */,
			);
			fileSystemSynchronizedGroups = (
				E4EA93732CD1827E00077F70 /* Cash CalculatorTests */,
			);
			name = "Cash CalculatorTests";
			packageProductDependencies = (
			);
			productName = "Cash CalculatorTests";
			productReference = E4EA93702CD1827E00077F70 /* Cash CalculatorTests.xctest */;
			productType = "com.apple.product-type.bundle.unit-test";
		};
		E4EA93792CD1827E00077F70 /* Cash CalculatorUITests */ = {
			isa = PBXNativeTarget;
			buildConfigurationList = E4EA938A2CD1827E00077F70 /* Build configuration list for PBXNativeTarget "Cash CalculatorUITests" */;
			buildPhases = (
				E4EA93762CD1827E00077F70 /* Sources */,
				E4EA93772CD1827E00077F70 /* Frameworks */,
				E4EA93782CD1827E00077F70 /* Resources */,
			);
			buildRules = (
			);
			dependencies = (
				E4EA937C2CD1827E00077F70 /* PBXTargetDependency */,
			);
			fileSystemSynchronizedGroups = (
				E4EA937D2CD1827E00077F70 /* Cash CalculatorUITests */,
			);
			name = "Cash CalculatorUITests";
			packageProductDependencies = (
			);
			productName = "Cash CalculatorUITests";
			productReference = E4EA937A2CD1827E00077F70 /* Cash CalculatorUITests.xctest */;
			productType = "com.apple.product-type.bundle.ui-testing";
		};
/* End PBXNativeTarget section */

/* Begin PBXProject section */
		E4EA93582CD1827C00077F70 /* Project object */ = {
			isa = PBXProject;
			attributes = {
				BuildIndependentTargetsInParallel = 1;
				LastSwiftUpdateCheck = 1600;
				LastUpgradeCheck = 1600;
				TargetAttributes = {
					E4EA935F2CD1827C00077F70 = {
						CreatedOnToolsVersion = 16.0;
					};
					E4EA936F2CD1827E00077F70 = {
						CreatedOnToolsVersion = 16.0;
						TestTargetID = E4EA935F2CD1827C00077F70;
					};
					E4EA93792CD1827E00077F70 = {
						CreatedOnToolsVersion = 16.0;
						TestTargetID = E4EA935F2CD1827C00077F70;
					};
				};
			};
			buildConfigurationList = E4EA935B2CD1827C00077F70 /* Build configuration list for PBXProject "Cash Calculator" */;
			developmentRegion = en;
			hasScannedForEncodings = 0;
			knownRegions = (
				en,
				Base,
			);
			mainGroup = E4EA93572CD1827C00077F70;
			minimizedProjectReferenceProxies = 1;
			preferredProjectObjectVersion = 77;
			productRefGroup = E4EA93612CD1827C00077F70 /* Products */;
			projectDirPath = "";
			projectRoot = "";
			targets = (
				E4EA935F2CD1827C00077F70 /* Cash Calculator */,
				E4EA936F2CD1827E00077F70 /* Cash CalculatorTests */,
				E4EA93792CD1827E00077F70 /* Cash CalculatorUITests */,
			);
		};
/* End PBXProject section */

/* Begin PBXResourcesBuildPhase section */
		E4EA935E2CD1827C00077F70 /* Resources */ = {
			isa = PBXResourcesBuildPhase;
			buildActionMask = 2147483647;
			files = (
			);
			runOnlyForDeploymentPostprocessing = 0;
		};
		E4EA936E2CD1827E00077F70 /* Resources */ = {
			isa = PBXResourcesBuildPhase;
			buildActionMask = 2147483647;
			files = (
			);
			runOnlyForDeploymentPostprocessing = 0;
		};
		E4EA93782CD1827E00077F70 /* Resources */ = {
			isa = PBXResourcesBuildPhase;
			buildActionMask = 2147483647;
			files = (
			);
			runOnlyForDeploymentPostprocessing = 0;
		};
/* End PBXResourcesBuildPhase section */

/* Begin PBXSourcesBuildPhase section */
		E4EA935C2CD1827C00077F70 /* Sources */ = {
			isa = PBXSourcesBuildPhase;
			buildActionMask = 2147483647;
			files = (
			);
			runOnlyForDeploymentPostprocessing = 0;
		};
		E4EA936C2CD1827E00077F70 /* Sources */ = {
			isa = PBXSourcesBuildPhase;
			buildActionMask = 2147483647;
			files = (
			);
			runOnlyForDeploymentPostprocessing = 0;
		};
		E4EA93762CD1827E00077F70 /* Sources */ = {
			isa = PBXSourcesBuildPhase;
			buildActionMask = 2147483647;
			files = (
			);
			runOnlyForDeploymentPostprocessing = 0;
		};
/* End PBXSourcesBuildPhase section */

/* Begin PBXTargetDependency section */
		E4EA93722CD1827E00077F70 /* PBXTargetDependency */ = {
			isa = PBXTargetDependency;
			target = E4EA935F2CD1827C00077F70 /* Cash Calculator */;
			targetProxy = E4EA93712CD1827E00077F70 /* PBXContainerItemProxy */;
		};
		E4EA937C2CD1827E00077F70 /* PBXTargetDependency */ = {
			isa = PBXTargetDependency;
			target = E4EA935F2CD1827C00077F70 /* Cash Calculator */;
			targetProxy = E4EA937B2CD1827E00077F70 /* PBXContainerItemProxy */;
		};
/* End PBXTargetDependency section */

/* Begin XCBuildConfiguration section */
		E4EA93822CD1827E00077F70 /* Debug */ = {
			isa = XCBuildConfiguration;
			buildSettings = {
				ALWAYS_SEARCH_USER_PATHS = NO;
				ASSETCATALOG_COMPILER_GENERATE_SWIFT_ASSET_SYMBOL_EXTENSIONS = YES;
				CLANG_ANALYZER_NONNULL = YES;
				CLANG_ANALYZER_NUMBER_OBJECT_CONVERSION = YES_AGGRESSIVE;
				CLANG_CXX_LANGUAGE_STANDARD = "gnu++20";
				CLANG_ENABLE_MODULES = YES;
				CLANG_ENABLE_OBJC_ARC = YES;
				CLANG_ENABLE_OBJC_WEAK = YES;
				CLANG_WARN_BLOCK_CAPTURE_AUTORELEASING = YES;
				CLANG_WARN_BOOL_CONVERSION = YES;
				CLANG_WARN_COMMA = YES;
				CLANG_WARN_CONSTANT_CONVERSION = YES;
				CLANG_WARN_DEPRECATED_OBJC_IMPLEMENTATIONS = YES;
				CLANG_WARN_DIRECT_OBJC_ISA_USAGE = YES_ERROR;
				CLANG_WARN_DOCUMENTATION_COMMENTS = YES;
				CLANG_WARN_EMPTY_BODY = YES;
				CLANG_WARN_ENUM_CONVERSION = YES;
				CLANG_WARN_INFINITE_RECURSION = YES;
				CLANG_WARN_INT_CONVERSION = YES;
				CLANG_WARN_NON_LITERAL_NULL_CONVERSION = YES;
				CLANG_WARN_OBJC_IMPLICIT_RETAIN_SELF = YES;
				CLANG_WARN_OBJC_LITERAL_CONVERSION = YES;
				CLANG_WARN_OBJC_ROOT_CLASS = YES_ERROR;
				CLANG_WARN_QUOTED_INCLUDE_IN_FRAMEWORK_HEADER = YES;
				CLANG_WARN_RANGE_LOOP_ANALYSIS = YES;
				CLANG_WARN_STRICT_PROTOTYPES = YES;
				CLANG_WARN_SUSPICIOUS_MOVE = YES;
				CLANG_WARN_UNGUARDED_AVAILABILITY = YES_AGGRESSIVE;
				CLANG_WARN_UNREACHABLE_CODE = YES;
				CLANG_WARN__DUPLICATE_METHOD_MATCH = YES;
				COPY_PHASE_STRIP = NO;
				DEBUG_INFORMATION_FORMAT = dwarf;
				ENABLE_STRICT_OBJC_MSGSEND = YES;
				ENABLE_TESTABILITY = YES;
				ENABLE_USER_SCRIPT_SANDBOXING = YES;
				GCC_C_LANGUAGE_STANDARD = gnu17;
				GCC_DYNAMIC_NO_PIC = NO;
				GCC_NO_COMMON_BLOCKS = YES;
				GCC_OPTIMIZATION_LEVEL = 0;
				GCC_PREPROCESSOR_DEFINITIONS = (
					"DEBUG=1",
					"$(inherited)",
				);
				GCC_WARN_64_TO_32_BIT_CONVERSION = YES;
				GCC_WARN_ABOUT_RETURN_TYPE = YES_ERROR;
				GCC_WARN_UNDECLARED_SELECTOR = YES;
				GCC_WARN_UNINITIALIZED_AUTOS = YES_AGGRESSIVE;
				GCC_WARN_UNUSED_FUNCTION = YES;
				GCC_WARN_UNUSED_VARIABLE = YES;
				IPHONEOS_DEPLOYMENT_TARGET = 18.0;
				LOCALIZATION_PREFERS_STRING_CATALOGS = YES;
				MTL_ENABLE_DEBUG_INFO = INCLUDE_SOURCE;
				MTL_FAST_MATH = YES;
				ONLY_ACTIVE_ARCH = YES;
				SDKROOT = iphoneos;
				SWIFT_ACTIVE_COMPILATION_CONDITIONS = "DEBUG $(inherited)";
				SWIFT_OPTIMIZATION_LEVEL = "-Onone";
			};
			name = Debug;
		};
		E4EA93832CD1827E00077F70 /* Release */ = {
			isa = XCBuildConfiguration;
			buildSettings = {
				ALWAYS_SEARCH_USER_PATHS = NO;
				ASSETCATALOG_COMPILER_GENERATE_SWIFT_ASSET_SYMBOL_EXTENSIONS = YES;
				CLANG_ANALYZER_NONNULL = YES;
				CLANG_ANALYZER_NUMBER_OBJECT_CONVERSION = YES_AGGRESSIVE;
				CLANG_CXX_LANGUAGE_STANDARD = "gnu++20";
				CLANG_ENABLE_MODULES = YES;
				CLANG_ENABLE_OBJC_ARC = YES;
				CLANG_ENABLE_OBJC_WEAK = YES;
				CLANG_WARN_BLOCK_CAPTURE_AUTORELEASING = YES;
				CLANG_WARN_BOOL_CONVERSION = YES;
				CLANG_WARN_COMMA = YES;
				CLANG_WARN_CONSTANT_CONVERSION = YES;
				CLANG_WARN_DEPRECATED_OBJC_IMPLEMENTATIONS = YES;
				CLANG_WARN_DIRECT_OBJC_ISA_USAGE = YES_ERROR;
				CLANG_WARN_DOCUMENTATION_COMMENTS = YES;
				CLANG_WARN_EMPTY_BODY = YES;
				CLANG_WARN_ENUM_CONVERSION = YES;
				CLANG_WARN_INFINITE_RECURSION = YES;
				CLANG_WARN_INT_CONVERSION = YES;
				CLANG_WARN_NON_LITERAL_NULL_CONVERSION = YES;
				CLANG_WARN_OBJC_IMPLICIT_RETAIN_SELF = YES;
				CLANG_WARN_OBJC_LITERAL_CONVERSION = YES;
				CLANG_WARN_OBJC_ROOT_CLASS = YES_ERROR;
				CLANG_WARN_QUOTED_INCLUDE_IN_FRAMEWORK_HEADER = YES;
				CLANG_WARN_RANGE_LOOP_ANALYSIS = YES;
				CLANG_WARN_STRICT_PROTOTYPES = YES;
				CLANG_WARN_SUSPICIOUS_MOVE = YES;
				CLANG_WARN_UNGUARDED_AVAILABILITY = YES_AGGRESSIVE;
				CLANG_WARN_UNREACHABLE_CODE = YES;
				CLANG_WARN__DUPLICATE_METHOD_MATCH = YES;
				COPY_PHASE_STRIP = NO;
				DEBUG_INFORMATION_FORMAT = "dwarf-with-dsym";
				ENABLE_NS_ASSERTIONS = NO;
				ENABLE_STRICT_OBJC_MSGSEND = YES;
				ENABLE_USER_SCRIPT_SANDBOXING = YES;
				GCC_C_LANGUAGE_STANDARD = gnu17;
				GCC_NO_COMMON_BLOCKS = YES;
				GCC_WARN_64_TO_32_BIT_CONVERSION = YES;
				GCC_WARN_ABOUT_RETURN_TYPE = YES_ERROR;
				GCC_WARN_UNDECLARED_SELECTOR = YES;
				GCC_WARN_UNINITIALIZED_AUTOS = YES_AGGRESSIVE;
				GCC_WARN_UNUSED_FUNCTION = YES;
				GCC_WARN_UNUSED_VARIABLE = YES;
				IPHONEOS_DEPLOYMENT_TARGET = 18.0;
				LOCALIZATION_PREFERS_STRING_CATALOGS = YES;
				MTL_ENABLE_DEBUG_INFO = NO;
				MTL_FAST_MATH = YES;
				SDKROOT = iphoneos;
				SWIFT_COMPILATION_MODE = wholemodule;
				VALIDATE_PRODUCT = YES;
			};
			name = Release;
		};
		E4EA93852CD1827E00077F70 /* Debug */ = {
			isa = XCBuildConfiguration;
			buildSettings = {
				ASSETCATALOG_COMPILER_APPICON_NAME = AppIcon;
				ASSETCATALOG_COMPILER_GLOBAL_ACCENT_COLOR_NAME = AccentColor;
				CODE_SIGN_STYLE = Automatic;
				CURRENT_PROJECT_VERSION = 1;
				DEVELOPMENT_ASSET_PATHS = "\"Cash Calculator/Preview Content\"";
				DEVELOPMENT_TEAM = 3UJ75XWK5W;
				ENABLE_PREVIEWS = YES;
				GENERATE_INFOPLIST_FILE = YES;
				INFOPLIST_KEY_UIApplicationSceneManifest_Generation = YES;
				INFOPLIST_KEY_UIApplicationSupportsIndirectInputEvents = YES;
				INFOPLIST_KEY_UILaunchScreen_Generation = YES;
				INFOPLIST_KEY_UISupportedInterfaceOrientations_iPad = "UIInterfaceOrientationPortrait UIInterfaceOrientationPortraitUpsideDown UIInterfaceOrientationLandscapeLeft UIInterfaceOrientationLandscapeRight";
				INFOPLIST_KEY_UISupportedInterfaceOrientations_iPhone = "UIInterfaceOrientationPortrait UIInterfaceOrientationLandscapeLeft UIInterfaceOrientationLandscapeRight";
				LD_RUNPATH_SEARCH_PATHS = (
					"$(inherited)",
					"@executable_path/Frameworks",
				);
				MARKETING_VERSION = 1.0;
				PRODUCT_BUNDLE_IDENTIFIER = "Ruzer.Cash-Calculator";
				PRODUCT_NAME = "$(TARGET_NAME)";
				SWIFT_EMIT_LOC_STRINGS = YES;
				SWIFT_VERSION = 5.0;
				TARGETED_DEVICE_FAMILY = "1,2";
			};
			name = Debug;
		};
		E4EA93862CD1827E00077F70 /* Release */ = {
			isa = XCBuildConfiguration;
			buildSettings = {
				ASSETCATALOG_COMPILER_APPICON_NAME = AppIcon;
				ASSETCATALOG_COMPILER_GLOBAL_ACCENT_COLOR_NAME = AccentColor;
				CODE_SIGN_STYLE = Automatic;
				CURRENT_PROJECT_VERSION = 1;
				DEVELOPMENT_ASSET_PATHS = "\"Cash Calculator/Preview Content\"";
				DEVELOPMENT_TEAM = 3UJ75XWK5W;
				ENABLE_PREVIEWS = YES;
				GENERATE_INFOPLIST_FILE = YES;
				INFOPLIST_KEY_UIApplicationSceneManifest_Generation = YES;
				INFOPLIST_KEY_UIApplicationSupportsIndirectInputEvents = YES;
				INFOPLIST_KEY_UILaunchScreen_Generation = YES;
				INFOPLIST_KEY_UISupportedInterfaceOrientations_iPad = "UIInterfaceOrientationPortrait UIInterfaceOrientationPortraitUpsideDown UIInterfaceOrientationLandscapeLeft UIInterfaceOrientationLandscapeRight";
				INFOPLIST_KEY_UISupportedInterfaceOrientations_iPhone = "UIInterfaceOrientationPortrait UIInterfaceOrientationLandscapeLeft UIInterfaceOrientationLandscapeRight";
				LD_RUNPATH_SEARCH_PATHS = (
					"$(inherited)",
					"@executable_path/Frameworks",
				);
				MARKETING_VERSION = 1.0;
				PRODUCT_BUNDLE_IDENTIFIER = "Ruzer.Cash-Calculator";
				PRODUCT_NAME = "$(TARGET_NAME)";
				SWIFT_EMIT_LOC_STRINGS = YES;
				SWIFT_VERSION = 5.0;
				TARGETED_DEVICE_FAMILY = "1,2";
			};
			name = Release;
		};
		E4EA93882CD1827E00077F70 /* Debug */ = {
			isa = XCBuildConfiguration;
			buildSettings = {
				BUNDLE_LOADER = "$(TEST_HOST)";
				CODE_SIGN_STYLE = Automatic;
				CURRENT_PROJECT_VERSION = 1;
				GENERATE_INFOPLIST_FILE = YES;
				IPHONEOS_DEPLOYMENT_TARGET = 18.0;
				MARKETING_VERSION = 1.0;
				PRODUCT_BUNDLE_IDENTIFIER = "Ruzer.Cash-CalculatorTests";
				PRODUCT_NAME = "$(TARGET_NAME)";
				SWIFT_EMIT_LOC_STRINGS = NO;
				SWIFT_VERSION = 5.0;
				TARGETED_DEVICE_FAMILY = "1,2";
				TEST_HOST = "$(BUILT_PRODUCTS_DIR)/Cash Calculator.app/$(BUNDLE_EXECUTABLE_FOLDER_PATH)/Cash Calculator";
			};
			name = Debug;
		};
		E4EA93892CD1827E00077F70 /* Release */ = {
			isa = XCBuildConfiguration;
			buildSettings = {
				BUNDLE_LOADER = "$(TEST_HOST)";
				CODE_SIGN_STYLE = Automatic;
				CURRENT_PROJECT_VERSION = 1;
				GENERATE_INFOPLIST_FILE = YES;
				IPHONEOS_DEPLOYMENT_TARGET = 18.0;
				MARKETING_VERSION = 1.0;
				PRODUCT_BUNDLE_IDENTIFIER = "Ruzer.Cash-CalculatorTests";
				PRODUCT_NAME = "$(TARGET_NAME)";
				SWIFT_EMIT_LOC_STRINGS = NO;
				SWIFT_VERSION = 5.0;
				TARGETED_DEVICE_FAMILY = "1,2";
				TEST_HOST = "$(BUILT_PRODUCTS_DIR)/Cash Calculator.app/$(BUNDLE_EXECUTABLE_FOLDER_PATH)/Cash Calculator";
			};
			name = Release;
		};
		E4EA938B2CD1827E00077F70 /* Debug */ = {
			isa = XCBuildConfiguration;
			buildSettings = {
				CODE_SIGN_STYLE = Automatic;
				CURRENT_PROJECT_VERSION = 1;
				GENERATE_INFOPLIST_FILE = YES;
				MARKETING_VERSION = 1.0;
				PRODUCT_BUNDLE_IDENTIFIER = "Ruzer.Cash-CalculatorUITests";
				PRODUCT_NAME = "$(TARGET_NAME)";
				SWIFT_EMIT_LOC_STRINGS = NO;
				SWIFT_VERSION = 5.0;
				TARGETED_DEVICE_FAMILY = "1,2";
				TEST_TARGET_NAME = "Cash Calculator";
			};
			name = Debug;
		};
		E4EA938C2CD1827E00077F70 /* Release */ = {
			isa = XCBuildConfiguration;
			buildSettings = {
				CODE_SIGN_STYLE = Automatic;
				CURRENT_PROJECT_VERSION = 1;
				GENERATE_INFOPLIST_FILE = YES;
				MARKETING_VERSION = 1.0;
				PRODUCT_BUNDLE_IDENTIFIER = "Ruzer.Cash-CalculatorUITests";
				PRODUCT_NAME = "$(TARGET_NAME)";
				SWIFT_EMIT_LOC_STRINGS = NO;
				SWIFT_VERSION = 5.0;
				TARGETED_DEVICE_FAMILY = "1,2";
				TEST_TARGET_NAME = "Cash Calculator";
			};
			name = Release;
		};
/* End XCBuildConfiguration section */

/* Begin XCConfigurationList section */
		E4EA935B2CD1827C00077F70 /* Build configuration list for PBXProject "Cash Calculator" */ = {
			isa = XCConfigurationList;
			buildConfigurations = (
				E4EA93822CD1827E00077F70 /* Debug */,
				E4EA93832CD1827E00077F70 /* Release */,
			);
			defaultConfigurationIsVisible = 0;
			defaultConfigurationName = Release;
		};
		E4EA93842CD1827E00077F70 /* Build configuration list for PBXNativeTarget "Cash Calculator" */ = {
			isa = XCConfigurationList;
			buildConfigurations = (
				E4EA93852CD1827E00077F70 /* Debug */,
				E4EA93862CD1827E00077F70 /* Release */,
			);
			defaultConfigurationIsVisible = 0;
			defaultConfigurationName = Release;
		};
		E4EA93872CD1827E00077F70 /* Build configuration list for PBXNativeTarget "Cash CalculatorTests" */ = {
			isa = XCConfigurationList;
			buildConfigurations = (
				E4EA93882CD1827E00077F70 /* Debug */,
				E4EA93892CD1827E00077F70 /* Release */,
			);
			defaultConfigurationIsVisible = 0;
			defaultConfigurationName = Release;
		};
		E4EA938A2CD1827E00077F70 /* Build configuration list for PBXNativeTarget "Cash CalculatorUITests" */ = {
			isa = XCConfigurationList;
			buildConfigurations = (
				E4EA938B2CD1827E00077F70 /* Debug */,
				E4EA938C2CD1827E00077F70 /* Release */,
			);
			defaultConfigurationIsVisible = 0;
			defaultConfigurationName = Release;
		};
/* End XCConfigurationList section */
	};
	rootObject = E4EA93582CD1827C00077F70 /* Project object */;
}
